
Microsoft Visual Studio Solution File, Format Version 12.00
# Visual Studio Version 17
VisualStudioVersion = 17.14.36301.6 d17.14
MinimumVisualStudioVersion = 10.0.40219.1
Project("{2150E333-8FDC-42A3-9474-1A3956D46DE8}") = "SOLID Design Principles", "SOLID Design Principles", "{02EA681E-C7D8-13C7-8484-4AC65E1B71E8}"
EndProject
Project("{FAE04EC0-301F-11D3-BF4B-00C04F79EFBC}") = "Single Responsibility Principle", "Solid\Single Responsibility Principle\ConsoleApp1\Single Responsibility Principle.csproj", "{8143B5B6-C1E6-489E-961E-8B621A496F28}"
EndProject
Project("{FAE04EC0-301F-11D3-BF4B-00C04F79EFBC}") = "Open-Closed Principle", "Solid\Open-Closed Principle\Open-Closed Principle\Open-Closed Principle.csproj", "{0501CD18-3F3C-4F48-A5E2-1BEE0DB36312}"
EndProject
Project("{FAE04EC0-301F-11D3-BF4B-00C04F79EFBC}") = "Liskov Substitution Principle", "Solid\Liskov Substitution Principle\Liskov Substitution Principle\Liskov Substitution Principle.csproj", "{986122EC-0C3D-4069-B4AE-3E1A1815D116}"
EndProject
Global
	GlobalSection(SolutionConfigurationPlatforms) = preSolution
		Debug|Any CPU = Debug|Any CPU
		Release|Any CPU = Release|Any CPU
	EndGlobalSection
	GlobalSection(ProjectConfigurationPlatforms) = postSolution
		{8143B5B6-C1E6-489E-961E-8B621A496F28}.Debug|Any CPU.ActiveCfg = Debug|Any CPU
		{8143B5B6-C1E6-489E-961E-8B621A496F28}.Debug|Any CPU.Build.0 = Debug|Any CPU
		{8143B5B6-C1E6-489E-961E-8B621A496F28}.Release|Any CPU.ActiveCfg = Release|Any CPU
		{8143B5B6-C1E6-489E-961E-8B621A496F28}.Release|Any CPU.Build.0 = Release|Any CPU
		{0501CD18-3F3C-4F48-A5E2-1BEE0DB36312}.Debug|Any CPU.ActiveCfg = Debug|Any CPU
		{0501CD18-3F3C-4F48-A5E2-1BEE0DB36312}.Debug|Any CPU.Build.0 = Debug|Any CPU
		{0501CD18-3F3C-4F48-A5E2-1BEE0DB36312}.Release|Any CPU.ActiveCfg = Release|Any CPU
		{0501CD18-3F3C-4F48-A5E2-1BEE0DB36312}.Release|Any CPU.Build.0 = Release|Any CPU
		{986122EC-0C3D-4069-B4AE-3E1A1815D116}.Debug|Any CPU.ActiveCfg = Debug|Any CPU
		{986122EC-0C3D-4069-B4AE-3E1A1815D116}.Debug|Any CPU.Build.0 = Debug|Any CPU
		{986122EC-0C3D-4069-B4AE-3E1A1815D116}.Release|Any CPU.ActiveCfg = Release|Any CPU
		{986122EC-0C3D-4069-B4AE-3E1A1815D116}.Release|Any CPU.Build.0 = Release|Any CPU
	EndGlobalSection
	GlobalSection(SolutionProperties) = preSolution
		HideSolutionNode = FALSE
	EndGlobalSection
	GlobalSection(NestedProjects) = preSolution
		{8143B5B6-C1E6-489E-961E-8B621A496F28} = {02EA681E-C7D8-13C7-8484-4AC65E1B71E8}
		{0501CD18-3F3C-4F48-A5E2-1BEE0DB36312} = {02EA681E-C7D8-13C7-8484-4AC65E1B71E8}
		{986122EC-0C3D-4069-B4AE-3E1A1815D116} = {02EA681E-C7D8-13C7-8484-4AC65E1B71E8}
	EndGlobalSection
	GlobalSection(ExtensibilityGlobals) = postSolution
		SolutionGuid = {852B205A-8AE6-422F-B48D-6B33267647A2}
	EndGlobalSection
EndGlobal
